// !$*UTF8*$!
{
	archiveVersion = 1;
	classes = {
	};
	objectVersion = 50;
	objects = {

/* Begin PBXBuildFile section */
		0D1947C921D4DF9A00873638 /* AppDelegate.swift in Sources */ = {isa = PBXBuildFile; fileRef = 0D1947C821D4DF9A00873638 /* AppDelegate.swift */; };
		0D1947CB21D4DF9A00873638 /* ViewController.swift in Sources */ = {isa = PBXBuildFile; fileRef = 0D1947CA21D4DF9A00873638 /* ViewController.swift */; };
		0D1947CE21D4DF9A00873638 /* Main.storyboard in Resources */ = {isa = PBXBuildFile; fileRef = 0D1947CC21D4DF9A00873638 /* Main.storyboard */; };
		0D1947D021D4DF9B00873638 /* Assets.xcassets in Resources */ = {isa = PBXBuildFile; fileRef = 0D1947CF21D4DF9B00873638 /* Assets.xcassets */; };
		0D1947D321D4DF9B00873638 /* LaunchScreen.storyboard in Resources */ = {isa = PBXBuildFile; fileRef = 0D1947D121D4DF9B00873638 /* LaunchScreen.storyboard */; };
		0D1947DD21D4E15E00873638 /* ToggleButton.swift in Sources */ = {isa = PBXBuildFile; fileRef = 0D1947DC21D4E15E00873638 /* ToggleButton.swift */; };
		0D1947DF21D4E26400873638 /* Colors.swift in Sources */ = {isa = PBXBuildFile; fileRef = 0D1947DE21D4E26400873638 /* Colors.swift */; };
/* End PBXBuildFile section */

/* Begin PBXFileReference section */
		0D1947C521D4DF9A00873638 /* Toggle Button.app */ = {isa = PBXFileReference; explicitFileType = wrapper.application; includeInIndex = 0; path = "Toggle Button.app"; sourceTree = BUILT_PRODUCTS_DIR; };
		0D1947C821D4DF9A00873638 /* AppDelegate.swift */ = {isa = PBXFileReference; lastKnownFileType = sourcecode.swift; path = AppDelegate.swift; sourceTree = "<group>"; };
		0D1947CA21D4DF9A00873638 /* ViewController.swift */ = {isa = PBXFileReference; lastKnownFileType = sourcecode.swift; path = ViewController.swift; sourceTree = "<group>"; };
		0D1947CD21D4DF9A00873638 /* Base */ = {isa = PBXFileReference; lastKnownFileType = file.storyboard; name = Base; path = Base.lproj/Main.storyboard; sourceTree = "<group>"; };
		0D1947CF21D4DF9B00873638 /* Assets.xcassets */ = {isa = PBXFileReference; lastKnownFileType = folder.assetcatalog; path = Assets.xcassets; sourceTree = "<group>"; };
		0D1947D221D4DF9B00873638 /* Base */ = {isa = PBXFileReference; lastKnownFileType = file.storyboard; name = Base; path = Base.lproj/LaunchScreen.storyboard; sourceTree = "<group>"; };
		0D1947D421D4DF9B00873638 /* Info.plist */ = {isa = PBXFileReference; lastKnownFileType = text.plist.xml; path = Info.plist; sourceTree = "<group>"; };
		0D1947DC21D4E15E00873638 /* ToggleButton.swift */ = {isa = PBXFileReference; lastKnownFileType = sourcecode.swift; path = ToggleButton.swift; sourceTree = "<group>"; };
		0D1947DE21D4E26400873638 /* Colors.swift */ = {isa = PBXFileReference; lastKnownFileType = sourcecode.swift; path = Colors.swift; sourceTree = "<group>"; };
/* End PBXFileReference section */

/* Begin PBXFrameworksBuildPhase section */
		0D1947C221D4DF9A00873638 /* Frameworks */ = {
			isa = PBXFrameworksBuildPhase;
			buildActionMask = 2147483647;
			files = (
			);
			runOnlyForDeploymentPostprocessing = 0;
		};
/* End PBXFrameworksBuildPhase section */

/* Begin PBXGroup section */
		0D1947BC21D4DF9A00873638 = {
			isa = PBXGroup;
			children = (
				0D1947C721D4DF9A00873638 /* Toggle Button */,
				0D1947C621D4DF9A00873638 /* Products */,
			);
			sourceTree = "<group>";
		};
		0D1947C621D4DF9A00873638 /* Products */ = {
			isa = PBXGroup;
			children = (
				0D1947C521D4DF9A00873638 /* Toggle Button.app */,
			);
			name = Products;
			sourceTree = "<group>";
		};
		0D1947C721D4DF9A00873638 /* Toggle Button */ = {
			isa = PBXGroup;
			children = (
				0D1947C821D4DF9A00873638 /* AppDelegate.swift */,
				0D1947DE21D4E26400873638 /* Colors.swift */,
				0D1947CA21D4DF9A00873638 /* ViewController.swift */,
				0D1947DC21D4E15E00873638 /* ToggleButton.swift */,
				0D1947CC21D4DF9A00873638 /* Main.storyboard */,
				0D1947CF21D4DF9B00873638 /* Assets.xcassets */,
				0D1947D121D4DF9B00873638 /* LaunchScreen.storyboard */,
				0D1947D421D4DF9B00873638 /* Info.plist */,
			);
			path = "Toggle Button";
			sourceTree = "<group>";
		};
/* End PBXGroup section */

/* Begin PBXNativeTarget section */
		0D1947C421D4DF9A00873638 /* Toggle Button */ = {
			isa = PBXNativeTarget;
			buildConfigurationList = 0D1947D721D4DF9B00873638 /* Build configuration list for PBXNativeTarget "Toggle Button" */;
			buildPhases = (
				0D1947C121D4DF9A00873638 /* Sources */,
				0D1947C221D4DF9A00873638 /* Frameworks */,
				0D1947C321D4DF9A00873638 /* Resources */,
			);
			buildRules = (
			);
			dependencies = (
			);
			name = "Toggle Button";
			productName = "Toggle Button";
			productReference = 0D1947C521D4DF9A00873638 /* Toggle Button.app */;
			productType = "com.apple.product-type.application";
		};
/* End PBXNativeTarget section */

/* Begin PBXProject section */
		0D1947BD21D4DF9A00873638 /* Project object */ = {
			isa = PBXProject;
			attributes = {
				LastSwiftUpdateCheck = 1010;
				LastUpgradeCheck = 1010;
				ORGANIZATIONNAME = Rui;
				TargetAttributes = {
					0D1947C421D4DF9A00873638 = {
						CreatedOnToolsVersion = 10.1;
					};
				};
			};
			buildConfigurationList = 0D1947C021D4DF9A00873638 /* Build configuration list for PBXProject "Toggle Button" */;
			compatibilityVersion = "Xcode 9.3";
			developmentRegion = en;
			hasScannedForEncodings = 0;
			knownRegions = (
				en,
				Base,
			);
			mainGroup = 0D1947BC21D4DF9A00873638;
			productRefGroup = 0D1947C621D4DF9A00873638 /* Products */;
			projectDirPath = "";
			projectRoot = "";
			targets = (
				0D1947C421D4DF9A00873638 /* Toggle Button */,
			);
		};
/* End PBXProject section */

/* Begin PBXResourcesBuildPhase section */
		0D1947C321D4DF9A00873638 /* Resources */ = {
			isa = PBXResourcesBuildPhase;
			buildActionMask = 2147483647;
			files = (
				0D1947D321D4DF9B00873638 /* LaunchScreen.storyboard in Resources */,
				0D1947D021D4DF9B00873638 /* Assets.xcassets in Resources */,
				0D1947CE21D4DF9A00873638 /* Main.storyboard in Resources */,
			);
			runOnlyForDeploymentPostprocessing = 0;
		};
/* End PBXResourcesBuildPhase section */

/* Begin PBXSourcesBuildPhase section */
		0D1947C121D4DF9A00873638 /* Sources */ = {
			isa = PBXSourcesBuildPhase;
			buildActionMask = 2147483647;
			files = (
				0D1947CB21D4DF9A00873638 /* ViewController.swift in Sources */,
				0D1947DF21D4E26400873638 /* Colors.swift in Sources */,
				0D1947DD21D4E15E00873638 /* ToggleButton.swift in Sources */,
				0D1947C921D4DF9A00873638 /* AppDelegate.swift in Sources */,
			);
			runOnlyForDeploymentPostprocessing = 0;
		};
/* End PBXSourcesBuildPhase section */

/* Begin PBXVariantGroup section */
		0D1947CC21D4DF9A00873638 /* Main.storyboard */ = {
			isa = PBXVariantGroup;
			children = (
				0D1947CD21D4DF9A00873638 /* Base */,
			);
			name = Main.storyboard;
			sourceTree = "<group>";
		};
		0D1947D121D4DF9B00873638 /* LaunchScreen.storyboard */ = {
			isa = PBXVariantGroup;
			children = (
				0D1947D221D4DF9B00873638 /* Base */,
			);
			name = LaunchScreen.storyboard;
			sourceTree = "<group>";
		};
/* End PBXVariantGroup section */

/* Begin XCBuildConfiguration section */
		0D1947D521D4DF9B00873638 /* Debug */ = {
			isa = XCBuildConfiguration;
			buildSettings = {
				ALWAYS_SEARCH_USER_PATHS = NO;
				CLANG_ANALYZER_NONNULL = YES;
				CLANG_ANALYZER_NUMBER_OBJECT_CONVERSION = YES_AGGRESSIVE;
				CLANG_CXX_LANGUAGE_STANDARD = "gnu++14";
				CLANG_CXX_LIBRARY = "libc++";
				CLANG_ENABLE_MODULES = YES;
				CLANG_ENABLE_OBJC_ARC = YES;
				CLANG_ENABLE_OBJC_WEAK = YES;
				CLANG_WARN_BLOCK_CAPTURE_AUTORELEASING = YES;
				CLANG_WARN_BOOL_CONVERSION = YES;
				CLANG_WARN_COMMA = YES;
				CLANG_WARN_CONSTANT_CONVERSION = YES;
				CLANG_WARN_DEPRECATED_OBJC_IMPLEMENTATIONS = YES;
				CLANG_WARN_DIRECT_OBJC_ISA_USAGE = YES_ERROR;
				CLANG_WARN_DOCUMENTATION_COMMENTS = YES;
				CLANG_WARN_EMPTY_BODY = YES;
				CLANG_WARN_ENUM_CONVERSION = YES;
				CLANG_WARN_INFINITE_RECURSION = YES;
				CLANG_WARN_INT_CONVERSION = YES;
				CLANG_WARN_NON_LITERAL_NULL_CONVERSION = YES;
				CLANG_WARN_OBJC_IMPLICIT_RETAIN_SELF = YES;
				CLANG_WARN_OBJC_LITERAL_CONVERSION = YES;
				CLANG_WARN_OBJC_ROOT_CLASS = YES_ERROR;
				CLANG_WARN_RANGE_LOOP_ANALYSIS = YES;
				CLANG_WARN_STRICT_PROTOTYPES = YES;
				CLANG_WARN_SUSPICIOUS_MOVE = YES;
				CLANG_WARN_UNGUARDED_AVAILABILITY = YES_AGGRESSIVE;
				CLANG_WARN_UNREACHABLE_CODE = YES;
				CLANG_WARN__DUPLICATE_METHOD_MATCH = YES;
				CODE_SIGN_IDENTITY = "iPhone Developer";
				COPY_PHASE_STRIP = NO;
				DEBUG_INFORMATION_FORMAT = dwarf;
				ENABLE_STRICT_OBJC_MSGSEND = YES;
				ENABLE_TESTABILITY = YES;
				GCC_C_LANGUAGE_STANDARD = gnu11;
				GCC_DYNAMIC_NO_PIC = NO;
				GCC_NO_COMMON_BLOCKS = YES;
				GCC_OPTIMIZATION_LEVEL = 0;
				GCC_PREPROCESSOR_DEFINITIONS = (
					"DEBUG=1",
					"$(inherited)",
				);
				GCC_WARN_64_TO_32_BIT_CONVERSION = YES;
				GCC_WARN_ABOUT_RETURN_TYPE = YES_ERROR;
				GCC_WARN_UNDECLARED_SELECTOR = YES;
				GCC_WARN_UNINITIALIZED_AUTOS = YES_AGGRESSIVE;
				GCC_WARN_UNUSED_FUNCTION = YES;
				GCC_WARN_UNUSED_VARIABLE = YES;
				IPHONEOS_DEPLOYMENT_TARGET = 12.1;
				MTL_ENABLE_DEBUG_INFO = INCLUDE_SOURCE;
				MTL_FAST_MATH = YES;
				ONLY_ACTIVE_ARCH = YES;
				SDKROOT = iphoneos;
				SWIFT_ACTIVE_COMPILATION_CONDITIONS = DEBUG;
				SWIFT_OPTIMIZATION_LEVEL = "-Onone";
			};
			name = Debug;
		};
		0D1947D621D4DF9B00873638 /* Release */ = {
			isa = XCBuildConfiguration;
			buildSettings = {
				ALWAYS_SEARCH_USER_PATHS = NO;
				CLANG_ANALYZER_NONNULL = YES;
				CLANG_ANALYZER_NUMBER_OBJECT_CONVERSION = YES_AGGRESSIVE;
				CLANG_CXX_LANGUAGE_STANDARD = "gnu++14";
				CLANG_CXX_LIBRARY = "libc++";
				CLANG_ENABLE_MODULES = YES;
				CLANG_ENABLE_OBJC_ARC = YES;
				CLANG_ENABLE_OBJC_WEAK = YES;
				CLANG_WARN_BLOCK_CAPTURE_AUTORELEASING = YES;
				CLANG_WARN_BOOL_CONVERSION = YES;
				CLANG_WARN_COMMA = YES;
				CLANG_WARN_CONSTANT_CONVERSION = YES;
				CLANG_WARN_DEPRECATED_OBJC_IMPLEMENTATIONS = YES;
				CLANG_WARN_DIRECT_OBJC_ISA_USAGE = YES_ERROR;
				CLANG_WARN_DOCUMENTATION_COMMENTS = YES;
				CLANG_WARN_EMPTY_BODY = YES;
				CLANG_WARN_ENUM_CONVERSION = YES;
				CLANG_WARN_INFINITE_RECURSION = YES;
				CLANG_WARN_INT_CONVERSION = YES;
				CLANG_WARN_NON_LITERAL_NULL_CONVERSION = YES;
				CLANG_WARN_OBJC_IMPLICIT_RETAIN_SELF = YES;
				CLANG_WARN_OBJC_LITERAL_CONVERSION = YES;
				CLANG_WARN_OBJC_ROOT_CLASS = YES_ERROR;
				CLANG_WARN_RANGE_LOOP_ANALYSIS = YES;
				CLANG_WARN_STRICT_PROTOTYPES = YES;
				CLANG_WARN_SUSPICIOUS_MOVE = YES;
				CLANG_WARN_UNGUARDED_AVAILABILITY = YES_AGGRESSIVE;
				CLANG_WARN_UNREACHABLE_CODE = YES;
				CLANG_WARN__DUPLICATE_METHOD_MATCH = YES;
				CODE_SIGN_IDENTITY = "iPhone Developer";
				COPY_PHASE_STRIP = NO;
				DEBUG_INFORMATION_FORMAT = "dwarf-with-dsym";
				ENABLE_NS_ASSERTIONS = NO;
				ENABLE_STRICT_OBJC_MSGSEND = YES;
				GCC_C_LANGUAGE_STANDARD = gnu11;
				GCC_NO_COMMON_BLOCKS = YES;
				GCC_WARN_64_TO_32_BIT_CONVERSION = YES;
				GCC_WARN_ABOUT_RETURN_TYPE = YES_ERROR;
				GCC_WARN_UNDECLARED_SELECTOR = YES;
				GCC_WARN_UNINITIALIZED_AUTOS = YES_AGGRESSIVE;
				GCC_WARN_UNUSED_FUNCTION = YES;
				GCC_WARN_UNUSED_VARIABLE = YES;
				IPHONEOS_DEPLOYMENT_TARGET = 12.1;
				MTL_ENABLE_DEBUG_INFO = NO;
				MTL_FAST_MATH = YES;
				SDKROOT = iphoneos;
				SWIFT_COMPILATION_MODE = wholemodule;
				SWIFT_OPTIMIZATION_LEVEL = "-O";
				VALIDATE_PRODUCT = YES;
			};
			name = Release;
		};
		0D1947D821D4DF9B00873638 /* Debug */ = {
			isa = XCBuildConfiguration;
			buildSettings = {
				ASSETCATALOG_COMPILER_APPICON_NAME = AppIcon;
				CODE_SIGN_STYLE = Automatic;
				INFOPLIST_FILE = "Toggle Button/Info.plist";
				LD_RUNPATH_SEARCH_PATHS = (
					"$(inherited)",
					"@executable_path/Frameworks",
				);
				PRODUCT_BUNDLE_IDENTIFIER = "-000.Toggle-Button";
				PRODUCT_NAME = "$(TARGET_NAME)";
				SWIFT_VERSION = 4.2;
				TARGETED_DEVICE_FAMILY = "1,2";
			};
			name = Debug;
		};
		0D1947D921D4DF9B00873638 /* Release */ = {
			isa = XCBuildConfiguration;
			buildSettings = {
				ASSETCATALOG_COMPILER_APPICON_NAME = AppIcon;
				CODE_SIGN_STYLE = Automatic;
				INFOPLIST_FILE = "Toggle Button/Info.plist";
				LD_RUNPATH_SEARCH_PATHS = (
					"$(inherited)",
					"@executable_path/Frameworks",
				);
				PRODUCT_BUNDLE_IDENTIFIER = "-000.Toggle-Button";
				PRODUCT_NAME = "$(TARGET_NAME)";
				SWIFT_VERSION = 4.2;
				TARGETED_DEVICE_FAMILY = "1,2";
			};
			name = Release;
		};
/* End XCBuildConfiguration section */

/* Begin XCConfigurationList section */
		0D1947C021D4DF9A00873638 /* Build configuration list for PBXProject "Toggle Button" */ = {
			isa = XCConfigurationList;
			buildConfigurations = (
				0D1947D521D4DF9B00873638 /* Debug */,
				0D1947D621D4DF9B00873638 /* Release */,
			);
			defaultConfigurationIsVisible = 0;
			defaultConfigurationName = Release;
		};
		0D1947D721D4DF9B00873638 /* Build configuration list for PBXNativeTarget "Toggle Button" */ = {
			isa = XCConfigurationList;
			buildConfigurations = (
				0D1947D821D4DF9B00873638 /* Debug */,
				0D1947D921D4DF9B00873638 /* Release */,
			);
			defaultConfigurationIsVisible = 0;
			defaultConfigurationName = Release;
		};
/* End XCConfigurationList section */
	};
	rootObject = 0D1947BD21D4DF9A00873638 /* Project object */;
}
